// !$*UTF8*$!
{
	archiveVersion = 1;
	classes = {
	};
	objectVersion = 46;
	objects = {

/* Begin PBXBuildFile section */
		18DF272B1C22F0B500C347BB /* main.m in Sources */ = {isa = PBXBuildFile; fileRef = 18DF272A1C22F0B500C347BB /* main.m */; };
		18DF272E1C22F0B500C347BB /* AppDelegate.m in Sources */ = {isa = PBXBuildFile; fileRef = 18DF272D1C22F0B500C347BB /* AppDelegate.m */; };
		18DF27311C22F0B500C347BB /* ViewController.m in Sources */ = {isa = PBXBuildFile; fileRef = 18DF27301C22F0B500C347BB /* ViewController.m */; };
		18DF27341C22F0B500C347BB /* Main.storyboard in Resources */ = {isa = PBXBuildFile; fileRef = 18DF27321C22F0B500C347BB /* Main.storyboard */; };
		18DF27361C22F0B500C347BB /* Images.xcassets in Resources */ = {isa = PBXBuildFile; fileRef = 18DF27351C22F0B500C347BB /* Images.xcassets */; };
		18DF27391C22F0B500C347BB /* LaunchScreen.xib in Resources */ = {isa = PBXBuildFile; fileRef = 18DF27371C22F0B500C347BB /* LaunchScreen.xib */; };
		18DF27451C22F0B500C347BB /* JSONParsing2Tests.m in Sources */ = {isa = PBXBuildFile; fileRef = 18DF27441C22F0B500C347BB /* JSONParsing2Tests.m */; };
/* End PBXBuildFile section */

/* Begin PBXContainerItemProxy section */
		18DF273F1C22F0B500C347BB /* PBXContainerItemProxy */ = {
			isa = PBXContainerItemProxy;
			containerPortal = 18DF271D1C22F0B500C347BB /* Project object */;
			proxyType = 1;
			remoteGlobalIDString = 18DF27241C22F0B500C347BB;
			remoteInfo = JSONParsing2;
		};
/* End PBXContainerItemProxy section */

/* Begin PBXFileReference section */
		18DF27251C22F0B500C347BB /* JSONParsing2.app */ = {isa = PBXFileReference; explicitFileType = wrapper.application; includeInIndex = 0; path = JSONParsing2.app; sourceTree = BUILT_PRODUCTS_DIR; };
		18DF27291C22F0B500C347BB /* Info.plist */ = {isa = PBXFileReference; lastKnownFileType = text.plist.xml; path = Info.plist; sourceTree = "<group>"; };
		18DF272A1C22F0B500C347BB /* main.m */ = {isa = PBXFileReference; lastKnownFileType = sourcecode.c.objc; path = main.m; sourceTree = "<group>"; };
		18DF272C1C22F0B500C347BB /* AppDelegate.h */ = {isa = PBXFileReference; lastKnownFileType = sourcecode.c.h; path = AppDelegate.h; sourceTree = "<group>"; };
		18DF272D1C22F0B500C347BB /* AppDelegate.m */ = {isa = PBXFileReference; lastKnownFileType = sourcecode.c.objc; path = AppDelegate.m; sourceTree = "<group>"; };
		18DF272F1C22F0B500C347BB /* ViewController.h */ = {isa = PBXFileReference; lastKnownFileType = sourcecode.c.h; path = ViewController.h; sourceTree = "<group>"; };
		18DF27301C22F0B500C347BB /* ViewController.m */ = {isa = PBXFileReference; lastKnownFileType = sourcecode.c.objc; path = ViewController.m; sourceTree = "<group>"; };
		18DF27331C22F0B500C347BB /* Base */ = {isa = PBXFileReference; lastKnownFileType = file.storyboard; name = Base; path = Base.lproj/Main.storyboard; sourceTree = "<group>"; };
		18DF27351C22F0B500C347BB /* Images.xcassets */ = {isa = PBXFileReference; lastKnownFileType = folder.assetcatalog; path = Images.xcassets; sourceTree = "<group>"; };
		18DF27381C22F0B500C347BB /* Base */ = {isa = PBXFileReference; lastKnownFileType = file.xib; name = Base; path = Base.lproj/LaunchScreen.xib; sourceTree = "<group>"; };
		18DF273E1C22F0B500C347BB /* JSONParsing2Tests.xctest */ = {isa = PBXFileReference; explicitFileType = wrapper.cfbundle; includeInIndex = 0; path = JSONParsing2Tests.xctest; sourceTree = BUILT_PRODUCTS_DIR; };
		18DF27431C22F0B500C347BB /* Info.plist */ = {isa = PBXFileReference; lastKnownFileType = text.plist.xml; path = Info.plist; sourceTree = "<group>"; };
		18DF27441C22F0B500C347BB /* JSONParsing2Tests.m */ = {isa = PBXFileReference; lastKnownFileType = sourcecode.c.objc; path = JSONParsing2Tests.m; sourceTree = "<group>"; };
/* End PBXFileReference section */

/* Begin PBXFrameworksBuildPhase section */
		18DF27221C22F0B500C347BB /* Frameworks */ = {
			isa = PBXFrameworksBuildPhase;
			buildActionMask = 2147483647;
			files = (
			);
			runOnlyForDeploymentPostprocessing = 0;
		};
		18DF273B1C22F0B500C347BB /* Frameworks */ = {
			isa = PBXFrameworksBuildPhase;
			buildActionMask = 2147483647;
			files = (
			);
			runOnlyForDeploymentPostprocessing = 0;
		};
/* End PBXFrameworksBuildPhase section */

/* Begin PBXGroup section */
		18DF271C1C22F0B500C347BB = {
			isa = PBXGroup;
			children = (
				18DF27271C22F0B500C347BB /* JSONParsing2 */,
				18DF27411C22F0B500C347BB /* JSONParsing2Tests */,
				18DF27261C22F0B500C347BB /* Products */,
			);
			sourceTree = "<group>";
		};
		18DF27261C22F0B500C347BB /* Products */ = {
			isa = PBXGroup;
			children = (
				18DF27251C22F0B500C347BB /* JSONParsing2.app */,
				18DF273E1C22F0B500C347BB /* JSONParsing2Tests.xctest */,
			);
			name = Products;
			sourceTree = "<group>";
		};
		18DF27271C22F0B500C347BB /* JSONParsing2 */ = {
			isa = PBXGroup;
			children = (
				18DF272C1C22F0B500C347BB /* AppDelegate.h */,
				18DF272D1C22F0B500C347BB /* AppDelegate.m */,
				18DF272F1C22F0B500C347BB /* ViewController.h */,
				18DF27301C22F0B500C347BB /* ViewController.m */,
				18DF27321C22F0B500C347BB /* Main.storyboard */,
				18DF27351C22F0B500C347BB /* Images.xcassets */,
				18DF27371C22F0B500C347BB /* LaunchScreen.xib */,
				18DF27281C22F0B500C347BB /* Supporting Files */,
			);
			path = JSONParsing2;
			sourceTree = "<group>";
		};
		18DF27281C22F0B500C347BB /* Supporting Files */ = {
			isa = PBXGroup;
			children = (
				18DF27291C22F0B500C347BB /* Info.plist */,
				18DF272A1C22F0B500C347BB /* main.m */,
			);
			name = "Supporting Files";
			sourceTree = "<group>";
		};
		18DF27411C22F0B500C347BB /* JSONParsing2Tests */ = {
			isa = PBXGroup;
			children = (
				18DF27441C22F0B500C347BB /* JSONParsing2Tests.m */,
				18DF27421C22F0B500C347BB /* Supporting Files */,
			);
			path = JSONParsing2Tests;
			sourceTree = "<group>";
		};
		18DF27421C22F0B500C347BB /* Supporting Files */ = {
			isa = PBXGroup;
			children = (
				18DF27431C22F0B500C347BB /* Info.plist */,
			);
			name = "Supporting Files";
			sourceTree = "<group>";
		};
/* End PBXGroup section */

/* Begin PBXNativeTarget section */
		18DF27241C22F0B500C347BB /* JSONParsing2 */ = {
			isa = PBXNativeTarget;
			buildConfigurationList = 18DF27481C22F0B500C347BB /* Build configuration list for PBXNativeTarget "JSONParsing2" */;
			buildPhases = (
				18DF27211C22F0B500C347BB /* Sources */,
				18DF27221C22F0B500C347BB /* Frameworks */,
				18DF27231C22F0B500C347BB /* Resources */,
			);
			buildRules = (
			);
			dependencies = (
			);
			name = JSONParsing2;
			productName = JSONParsing2;
			productReference = 18DF27251C22F0B500C347BB /* JSONParsing2.app */;
			productType = "com.apple.product-type.application";
		};
		18DF273D1C22F0B500C347BB /* JSONParsing2Tests */ = {
			isa = PBXNativeTarget;
			buildConfigurationList = 18DF274B1C22F0B500C347BB /* Build configuration list for PBXNativeTarget "JSONParsing2Tests" */;
			buildPhases = (
				18DF273A1C22F0B500C347BB /* Sources */,
				18DF273B1C22F0B500C347BB /* Frameworks */,
				18DF273C1C22F0B500C347BB /* Resources */,
			);
			buildRules = (
			);
			dependencies = (
				18DF27401C22F0B500C347BB /* PBXTargetDependency */,
			);
			name = JSONParsing2Tests;
			productName = JSONParsing2Tests;
			productReference = 18DF273E1C22F0B500C347BB /* JSONParsing2Tests.xctest */;
			productType = "com.apple.product-type.bundle.unit-test";
		};
/* End PBXNativeTarget section */

/* Begin PBXProject section */
		18DF271D1C22F0B500C347BB /* Project object */ = {
			isa = PBXProject;
			attributes = {
				LastUpgradeCheck = 0600;
				ORGANIZATIONNAME = CDAC;
				TargetAttributes = {
					18DF27241C22F0B500C347BB = {
						CreatedOnToolsVersion = 6.0;
					};
					18DF273D1C22F0B500C347BB = {
						CreatedOnToolsVersion = 6.0;
						TestTargetID = 18DF27241C22F0B500C347BB;
					};
				};
			};
			buildConfigurationList = 18DF27201C22F0B500C347BB /* Build configuration list for PBXProject "JSONParsing2" */;
			compatibilityVersion = "Xcode 3.2";
			developmentRegion = English;
			hasScannedForEncodings = 0;
			knownRegions = (
				en,
				Base,
			);
			mainGroup = 18DF271C1C22F0B500C347BB;
			productRefGroup = 18DF27261C22F0B500C347BB /* Products */;
			projectDirPath = "";
			projectRoot = "";
			targets = (
				18DF27241C22F0B500C347BB /* JSONParsing2 */,
				18DF273D1C22F0B500C347BB /* JSONParsing2Tests */,
			);
		};
/* End PBXProject section */

/* Begin PBXResourcesBuildPhase section */
		18DF27231C22F0B500C347BB /* Resources */ = {
			isa = PBXResourcesBuildPhase;
			buildActionMask = 2147483647;
			files = (
				18DF27341C22F0B500C347BB /* Main.storyboard in Resources */,
				18DF27391C22F0B500C347BB /* LaunchScreen.xib in Resources */,
				18DF27361C22F0B500C347BB /* Images.xcassets in Resources */,
			);
			runOnlyForDeploymentPostprocessing = 0;
		};
		18DF273C1C22F0B500C347BB /* Resources */ = {
			isa = PBXResourcesBuildPhase;
			buildActionMask = 2147483647;
			files = (
			);
			runOnlyForDeploymentPostprocessing = 0;
		};
/* End PBXResourcesBuildPhase section */

/* Begin PBXSourcesBuildPhase section */
		18DF27211C22F0B500C347BB /* Sources */ = {
			isa = PBXSourcesBuildPhase;
			buildActionMask = 2147483647;
			files = (
				18DF27311C22F0B500C347BB /* ViewController.m in Sources */,
				18DF272E1C22F0B500C347BB /* AppDelegate.m in Sources */,
				18DF272B1C22F0B500C347BB /* main.m in Sources */,
			);
			runOnlyForDeploymentPostprocessing = 0;
		};
		18DF273A1C22F0B500C347BB /* Sources */ = {
			isa = PBXSourcesBuildPhase;
			buildActionMask = 2147483647;
			files = (
				18DF27451C22F0B500C347BB /* JSONParsing2Tests.m in Sources */,
			);
			runOnlyForDeploymentPostprocessing = 0;
		};
/* End PBXSourcesBuildPhase section */

/* Begin PBXTargetDependency section */
		18DF27401C22F0B500C347BB /* PBXTargetDependency */ = {
			isa = PBXTargetDependency;
			target = 18DF27241C22F0B500C347BB /* JSONParsing2 */;
			targetProxy = 18DF273F1C22F0B500C347BB /* PBXContainerItemProxy */;
		};
/* End PBXTargetDependency section */

/* Begin PBXVariantGroup section */
		18DF27321C22F0B500C347BB /* Main.storyboard */ = {
			isa = PBXVariantGroup;
			children = (
				18DF27331C22F0B500C347BB /* Base */,
			);
			name = Main.storyboard;
			sourceTree = "<group>";
		};
		18DF27371C22F0B500C347BB /* LaunchScreen.xib */ = {
			isa = PBXVariantGroup;
			children = (
				18DF27381C22F0B500C347BB /* Base */,
			);
			name = LaunchScreen.xib;
			sourceTree = "<group>";
		};
/* End PBXVariantGroup section */

/* Begin XCBuildConfiguration section */
		18DF27461C22F0B500C347BB /* Debug */ = {
			isa = XCBuildConfiguration;
			buildSettings = {
				ALWAYS_SEARCH_USER_PATHS = NO;
				CLANG_CXX_LANGUAGE_STANDARD = "gnu++0x";
				CLANG_CXX_LIBRARY = "libc++";
				CLANG_ENABLE_MODULES = YES;
				CLANG_ENABLE_OBJC_ARC = YES;
				CLANG_WARN_BOOL_CONVERSION = YES;
				CLANG_WARN_CONSTANT_CONVERSION = YES;
				CLANG_WARN_DIRECT_OBJC_ISA_USAGE = YES_ERROR;
				CLANG_WARN_EMPTY_BODY = YES;
				CLANG_WARN_ENUM_CONVERSION = YES;
				CLANG_WARN_INT_CONVERSION = YES;
				CLANG_WARN_OBJC_ROOT_CLASS = YES_ERROR;
				CLANG_WARN_UNREACHABLE_CODE = YES;
				CLANG_WARN__DUPLICATE_METHOD_MATCH = YES;
				"CODE_SIGN_IDENTITY[sdk=iphoneos*]" = "iPhone Developer";
				COPY_PHASE_STRIP = NO;
				ENABLE_STRICT_OBJC_MSGSEND = YES;
				GCC_C_LANGUAGE_STANDARD = gnu99;
				GCC_DYNAMIC_NO_PIC = NO;
				GCC_OPTIMIZATION_LEVEL = 0;
				GCC_PREPROCESSOR_DEFINITIONS = (
					"DEBUG=1",
					"$(inherited)",
				);
				GCC_SYMBOLS_PRIVATE_EXTERN = NO;
				GCC_WARN_64_TO_32_BIT_CONVERSION = YES;
				GCC_WARN_ABOUT_RETURN_TYPE = YES_ERROR;
				GCC_WARN_UNDECLARED_SELECTOR = YES;
				GCC_WARN_UNINITIALIZED_AUTOS = YES_AGGRESSIVE;
				GCC_WARN_UNUSED_FUNCTION = YES;
				GCC_WARN_UNUSED_VARIABLE = YES;
				IPHONEOS_DEPLOYMENT_TARGET = 8.0;
				MTL_ENABLE_DEBUG_INFO = YES;
				ONLY_ACTIVE_ARCH = YES;
				SDKROOT = iphoneos;
			};
			name = Debug;
		};
		18DF27471C22F0B500C347BB /* Release */ = {
			isa = XCBuildConfiguration;
			buildSettings = {
				ALWAYS_SEARCH_USER_PATHS = NO;
				CLANG_CXX_LANGUAGE_STANDARD = "gnu++0x";
				CLANG_CXX_LIBRARY = "libc++";
				CLANG_ENABLE_MODULES = YES;
				CLANG_ENABLE_OBJC_ARC = YES;
				CLANG_WARN_BOOL_CONVERSION = YES;
				CLANG_WARN_CONSTANT_CONVERSION = YES;
				CLANG_WARN_DIRECT_OBJC_ISA_USAGE = YES_ERROR;
				CLANG_WARN_EMPTY_BODY = YES;
				CLANG_WARN_ENUM_CONVERSION = YES;
				CLANG_WARN_INT_CONVERSION = YES;
				CLANG_WARN_OBJC_ROOT_CLASS = YES_ERROR;
				CLANG_WARN_UNREACHABLE_CODE = YES;
				CLANG_WARN__DUPLICATE_METHOD_MATCH = YES;
				"CODE_SIGN_IDENTITY[sdk=iphoneos*]" = "iPhone Developer";
				COPY_PHASE_STRIP = YES;
				ENABLE_NS_ASSERTIONS = NO;
				ENABLE_STRICT_OBJC_MSGSEND = YES;
				GCC_C_LANGUAGE_STANDARD = gnu99;
				GCC_WARN_64_TO_32_BIT_CONVERSION = YES;
				GCC_WARN_ABOUT_RETURN_TYPE = YES_ERROR;
				GCC_WARN_UNDECLARED_SELECTOR = YES;
				GCC_WARN_UNINITIALIZED_AUTOS = YES_AGGRESSIVE;
				GCC_WARN_UNUSED_FUNCTION = YES;
				GCC_WARN_UNUSED_VARIABLE = YES;
				IPHONEOS_DEPLOYMENT_TARGET = 8.0;
				MTL_ENABLE_DEBUG_INFO = NO;
				SDKROOT = iphoneos;
				VALIDATE_PRODUCT = YES;
			};
			name = Release;
		};
		18DF27491C22F0B500C347BB /* Debug */ = {
			isa = XCBuildConfiguration;
			buildSettings = {
				ASSETCATALOG_COMPILER_APPICON_NAME = AppIcon;
				INFOPLIST_FILE = JSONParsing2/Info.plist;
				LD_RUNPATH_SEARCH_PATHS = "$(inherited) @executable_path/Frameworks";
				PRODUCT_NAME = "$(TARGET_NAME)";
			};
			name = Debug;
		};
		18DF274A1C22F0B500C347BB /* Release */ = {
			isa = XCBuildConfiguration;
			buildSettings = {
				ASSETCATALOG_COMPILER_APPICON_NAME = AppIcon;
				INFOPLIST_FILE = JSONParsing2/Info.plist;
				LD_RUNPATH_SEARCH_PATHS = "$(inherited) @executable_path/Frameworks";
				PRODUCT_NAME = "$(TARGET_NAME)";
			};
			name = Release;
		};
		18DF274C1C22F0B500C347BB /* Debug */ = {
			isa = XCBuildConfiguration;
			buildSettings = {
				BUNDLE_LOADER = "$(TEST_HOST)";
				FRAMEWORK_SEARCH_PATHS = (
					"$(SDKROOT)/Developer/Library/Frameworks",
					"$(inherited)",
				);
				GCC_PREPROCESSOR_DEFINITIONS = (
					"DEBUG=1",
					"$(inherited)",
				);
				INFOPLIST_FILE = JSONParsing2Tests/Info.plist;
				LD_RUNPATH_SEARCH_PATHS = "$(inherited) @executable_path/Frameworks @loader_path/Frameworks";
				PRODUCT_NAME = "$(TARGET_NAME)";
				TEST_HOST = "$(BUILT_PRODUCTS_DIR)/JSONParsing2.app/JSONParsing2";
			};
			name = Debug;
		};
		18DF274D1C22F0B500C347BB /* Release */ = {
			isa = XCBuildConfiguration;
			buildSettings = {
				BUNDLE_LOADER = "$(TEST_HOST)";
				FRAMEWORK_SEARCH_PATHS = (
					"$(SDKROOT)/Developer/Library/Frameworks",
					"$(inherited)",
				);
				INFOPLIST_FILE = JSONParsing2Tests/Info.plist;
				LD_RUNPATH_SEARCH_PATHS = "$(inherited) @executable_path/Frameworks @loader_path/Frameworks";
				PRODUCT_NAME = "$(TARGET_NAME)";
				TEST_HOST = "$(BUILT_PRODUCTS_DIR)/JSONParsing2.app/JSONParsing2";
			};
			name = Release;
		};
/* End XCBuildConfiguration section */

/* Begin XCConfigurationList section */
		18DF27201C22F0B500C347BB /* Build configuration list for PBXProject "JSONParsing2" */ = {
			isa = XCConfigurationList;
			buildConfigurations = (
				18DF27461C22F0B500C347BB /* Debug */,
				18DF27471C22F0B500C347BB /* Release */,
			);
			defaultConfigurationIsVisible = 0;
			defaultConfigurationName = Release;
		};
		18DF27481C22F0B500C347BB /* Build configuration list for PBXNativeTarget "JSONParsing2" */ = {
			isa = XCConfigurationList;
			buildConfigurations = (
				18DF27491C22F0B500C347BB /* Debug */,
				18DF274A1C22F0B500C347BB /* Release */,
			);
			defaultConfigurationIsVisible = 0;
		};
		18DF274B1C22F0B500C347BB /* Build configuration list for PBXNativeTarget "JSONParsing2Tests" */ = {
			isa = XCConfigurationList;
			buildConfigurations = (
				18DF274C1C22F0B500C347BB /* Debug */,
				18DF274D1C22F0B500C347BB /* Release */,
			);
			defaultConfigurationIsVisible = 0;
		};
/* End XCConfigurationList section */
	};
	rootObject = 18DF271D1C22F0B500C347BB /* Project object */;
}
